// !$*UTF8*$!
{
	archiveVersion = 1;
	classes = {
	};
	objectVersion = 46;
	objects = {

/* Begin PBXBuildFile section */
		A7C183541C4C3368007266CA /* Bubble.swift in Sources */ = {isa = PBXBuildFile; fileRef = A7C183501C4C3368007266CA /* Bubble.swift */; };
		A7C183551C4C3368007266CA /* Insertion.swift in Sources */ = {isa = PBXBuildFile; fileRef = A7C183511C4C3368007266CA /* Insertion.swift */; };
		A7C183561C4C3368007266CA /* main.swift in Sources */ = {isa = PBXBuildFile; fileRef = A7C183521C4C3368007266CA /* main.swift */; };
		A7C183571C4C3368007266CA /* Sort.swift in Sources */ = {isa = PBXBuildFile; fileRef = A7C183531C4C3368007266CA /* Sort.swift */; };
/* End PBXBuildFile section */

/* Begin PBXCopyFilesBuildPhase section */
		A7C1833A1C4C28A1007266CA /* CopyFiles */ = {
			isa = PBXCopyFilesBuildPhase;
			buildActionMask = 2147483647;
			dstPath = /usr/share/man/man1/;
			dstSubfolderSpec = 0;
			files = (
			);
			runOnlyForDeploymentPostprocessing = 1;
		};
/* End PBXCopyFilesBuildPhase section */

/* Begin PBXFileReference section */
		A7C1833C1C4C28A1007266CA /* Sortings */ = {isa = PBXFileReference; explicitFileType = "compiled.mach-o.executable"; includeInIndex = 0; path = Sortings; sourceTree = BUILT_PRODUCTS_DIR; };
		A7C183501C4C3368007266CA /* Bubble.swift */ = {isa = PBXFileReference; fileEncoding = 4; lastKnownFileType = sourcecode.swift; path = Bubble.swift; sourceTree = "<group>"; };
		A7C183511C4C3368007266CA /* Insertion.swift */ = {isa = PBXFileReference; fileEncoding = 4; lastKnownFileType = sourcecode.swift; path = Insertion.swift; sourceTree = "<group>"; };
		A7C183521C4C3368007266CA /* main.swift */ = {isa = PBXFileReference; fileEncoding = 4; lastKnownFileType = sourcecode.swift; path = main.swift; sourceTree = "<group>"; };
		A7C183531C4C3368007266CA /* Sort.swift */ = {isa = PBXFileReference; fileEncoding = 4; lastKnownFileType = sourcecode.swift; path = Sort.swift; sourceTree = "<group>"; };
/* End PBXFileReference section */

/* Begin PBXFrameworksBuildPhase section */
		A7C183391C4C28A1007266CA /* Frameworks */ = {
			isa = PBXFrameworksBuildPhase;
			buildActionMask = 2147483647;
			files = (
			);
			runOnlyForDeploymentPostprocessing = 0;
		};
/* End PBXFrameworksBuildPhase section */

/* Begin PBXGroup section */
		A7C183331C4C28A1007266CA = {
			isa = PBXGroup;
			children = (
				A7C183521C4C3368007266CA /* main.swift */,
				A7C183531C4C3368007266CA /* Sort.swift */,
				A7C183511C4C3368007266CA /* Insertion.swift */,
				A7C183501C4C3368007266CA /* Bubble.swift */,
				A7C1833D1C4C28A1007266CA /* Products */,
			);
			sourceTree = "<group>";
		};
		A7C1833D1C4C28A1007266CA /* Products */ = {
			isa = PBXGroup;
			children = (
				A7C1833C1C4C28A1007266CA /* Sortings */,
			);
			name = Products;
			sourceTree = "<group>";
		};
/* End PBXGroup section */

/* Begin PBXNativeTarget section */
		A7C1833B1C4C28A1007266CA /* Sortings */ = {
			isa = PBXNativeTarget;
			buildConfigurationList = A7C183431C4C28A1007266CA /* Build configuration list for PBXNativeTarget "Sortings" */;
			buildPhases = (
				A7C183381C4C28A1007266CA /* Sources */,
				A7C183391C4C28A1007266CA /* Frameworks */,
				A7C1833A1C4C28A1007266CA /* CopyFiles */,
			);
			buildRules = (
			);
			dependencies = (
			);
			name = Sortings;
			productName = Sortings;
			productReference = A7C1833C1C4C28A1007266CA /* Sortings */;
			productType = "com.apple.product-type.tool";
		};
/* End PBXNativeTarget section */

/* Begin PBXProject section */
		A7C183341C4C28A1007266CA /* Project object */ = {
			isa = PBXProject;
			attributes = {
				LastSwiftUpdateCheck = 0720;
				LastUpgradeCheck = 0720;
				ORGANIZATIONNAME = Home;
				TargetAttributes = {
					A7C1833B1C4C28A1007266CA = {
						CreatedOnToolsVersion = 7.2;
					};
				};
			};
			buildConfigurationList = A7C183371C4C28A1007266CA /* Build configuration list for PBXProject "Sortings" */;
			compatibilityVersion = "Xcode 3.2";
			developmentRegion = English;
			hasScannedForEncodings = 0;
			knownRegions = (
				en,
			);
			mainGroup = A7C183331C4C28A1007266CA;
			productRefGroup = A7C1833D1C4C28A1007266CA /* Products */;
			projectDirPath = "";
			projectRoot = "";
			targets = (
				A7C1833B1C4C28A1007266CA /* Sortings */,
			);
		};
/* End PBXProject section */

/* Begin PBXSourcesBuildPhase section */
		A7C183381C4C28A1007266CA /* Sources */ = {
			isa = PBXSourcesBuildPhase;
			buildActionMask = 2147483647;
			files = (
				A7C183541C4C3368007266CA /* Bubble.swift in Sources */,
				A7C183571C4C3368007266CA /* Sort.swift in Sources */,
				A7C183551C4C3368007266CA /* Insertion.swift in Sources */,
				A7C183561C4C3368007266CA /* main.swift in Sources */,
			);
			runOnlyForDeploymentPostprocessing = 0;
		};
/* End PBXSourcesBuildPhase section */

/* Begin XCBuildConfiguration section */
		A7C183411C4C28A1007266CA /* Debug */ = {
			isa = XCBuildConfiguration;
			buildSettings = {
				ALWAYS_SEARCH_USER_PATHS = NO;
				CLANG_CXX_LANGUAGE_STANDARD = "gnu++0x";
				CLANG_CXX_LIBRARY = "libc++";
				CLANG_ENABLE_MODULES = YES;
				CLANG_ENABLE_OBJC_ARC = YES;
				CLANG_WARN_BOOL_CONVERSION = YES;
				CLANG_WARN_CONSTANT_CONVERSION = YES;
				CLANG_WARN_DIRECT_OBJC_ISA_USAGE = YES_ERROR;
				CLANG_WARN_EMPTY_BODY = YES;
				CLANG_WARN_ENUM_CONVERSION = YES;
				CLANG_WARN_INT_CONVERSION = YES;
				CLANG_WARN_OBJC_ROOT_CLASS = YES_ERROR;
				CLANG_WARN_UNREACHABLE_CODE = YES;
				CLANG_WARN__DUPLICATE_METHOD_MATCH = YES;
				CODE_SIGN_IDENTITY = "-";
				COPY_PHASE_STRIP = NO;
				DEBUG_INFORMATION_FORMAT = dwarf;
				ENABLE_STRICT_OBJC_MSGSEND = YES;
				ENABLE_TESTABILITY = YES;
				GCC_C_LANGUAGE_STANDARD = gnu99;
				GCC_DYNAMIC_NO_PIC = NO;
				GCC_NO_COMMON_BLOCKS = YES;
				GCC_OPTIMIZATION_LEVEL = 0;
				GCC_PREPROCESSOR_DEFINITIONS = (
					"DEBUG=1",
					"$(inherited)",
				);
				GCC_WARN_64_TO_32_BIT_CONVERSION = YES;
				GCC_WARN_ABOUT_RETURN_TYPE = YES_ERROR;
				GCC_WARN_UNDECLARED_SELECTOR = YES;
				GCC_WARN_UNINITIALIZED_AUTOS = YES_AGGRESSIVE;
				GCC_WARN_UNUSED_FUNCTION = YES;
				GCC_WARN_UNUSED_VARIABLE = YES;
				MACOSX_DEPLOYMENT_TARGET = 10.11;
				MTL_ENABLE_DEBUG_INFO = YES;
				ONLY_ACTIVE_ARCH = YES;
				SDKROOT = macosx;
				SWIFT_OPTIMIZATION_LEVEL = "-Onone";
			};
			name = Debug;
		};
		A7C183421C4C28A1007266CA /* Release */ = {
			isa = XCBuildConfiguration;
			buildSettings = {
				ALWAYS_SEARCH_USER_PATHS = NO;
				CLANG_CXX_LANGUAGE_STANDARD = "gnu++0x";
				CLANG_CXX_LIBRARY = "libc++";
				CLANG_ENABLE_MODULES = YES;
				CLANG_ENABLE_OBJC_ARC = YES;
				CLANG_WARN_BOOL_CONVERSION = YES;
				CLANG_WARN_CONSTANT_CONVERSION = YES;
				CLANG_WARN_DIRECT_OBJC_ISA_USAGE = YES_ERROR;
				CLANG_WARN_EMPTY_BODY = YES;
				CLANG_WARN_ENUM_CONVERSION = YES;
				CLANG_WARN_INT_CONVERSION = YES;
				CLANG_WARN_OBJC_ROOT_CLASS = YES_ERROR;
				CLANG_WARN_UNREACHABLE_CODE = YES;
				CLANG_WARN__DUPLICATE_METHOD_MATCH = YES;
				CODE_SIGN_IDENTITY = "-";
				COPY_PHASE_STRIP = NO;
				DEBUG_INFORMATION_FORMAT = "dwarf-with-dsym";
				ENABLE_NS_ASSERTIONS = NO;
				ENABLE_STRICT_OBJC_MSGSEND = YES;
				GCC_C_LANGUAGE_STANDARD = gnu99;
				GCC_NO_COMMON_BLOCKS = YES;
				GCC_WARN_64_TO_32_BIT_CONVERSION = YES;
				GCC_WARN_ABOUT_RETURN_TYPE = YES_ERROR;
				GCC_WARN_UNDECLARED_SELECTOR = YES;
				GCC_WARN_UNINITIALIZED_AUTOS = YES_AGGRESSIVE;
				GCC_WARN_UNUSED_FUNCTION = YES;
				GCC_WARN_UNUSED_VARIABLE = YES;
				MACOSX_DEPLOYMENT_TARGET = 10.11;
				MTL_ENABLE_DEBUG_INFO = NO;
				SDKROOT = macosx;
			};
			name = Release;
		};
		A7C183441C4C28A1007266CA /* Debug */ = {
			isa = XCBuildConfiguration;
			buildSettings = {
				CLANG_ENABLE_MODULES = YES;
				LD_RUNPATH_SEARCH_PATHS = "$(inherited) @executable_path/../Frameworks @loader_path/../Frameworks";
				PRODUCT_NAME = "$(TARGET_NAME)";
				SWIFT_OPTIMIZATION_LEVEL = "-Onone";
			};
			name = Debug;
		};
		A7C183451C4C28A1007266CA /* Release */ = {
			isa = XCBuildConfiguration;
			buildSettings = {
				CLANG_ENABLE_MODULES = YES;
				LD_RUNPATH_SEARCH_PATHS = "$(inherited) @executable_path/../Frameworks @loader_path/../Frameworks";
				PRODUCT_NAME = "$(TARGET_NAME)";
			};
			name = Release;
		};
/* End XCBuildConfiguration section */

/* Begin XCConfigurationList section */
		A7C183371C4C28A1007266CA /* Build configuration list for PBXProject "Sortings" */ = {
			isa = XCConfigurationList;
			buildConfigurations = (
				A7C183411C4C28A1007266CA /* Debug */,
				A7C183421C4C28A1007266CA /* Release */,
			);
			defaultConfigurationIsVisible = 0;
			defaultConfigurationName = Release;
		};
		A7C183431C4C28A1007266CA /* Build configuration list for PBXNativeTarget "Sortings" */ = {
			isa = XCConfigurationList;
			buildConfigurations = (
				A7C183441C4C28A1007266CA /* Debug */,
				A7C183451C4C28A1007266CA /* Release */,
			);
			defaultConfigurationIsVisible = 0;
		};
/* End XCConfigurationList section */
	};
	rootObject = A7C183341C4C28A1007266CA /* Project object */;
}
